{
  "version": 4,
  "terraform_version": "1.14.5",
  "serial": 10,
  "lineage": "40b07241-2c48-9196-1bb6-7ddfb80d0844",
  "outputs": {
    "server_public_ip": {
      "value": "51.120.78.165",
      "type": "string"
    },
    "ssh_command": {
      "value": "ssh azureuser@51.120.78.165",
      "type": "string"
    }
  },
  "resources": [
    {
      "mode": "managed",
      "type": "azurerm_linux_virtual_machine",
      "name": "vm",
      "provider": "provider[\"registry.terraform.io/hashicorp/azurerm\"]",
      "instances": [
        {
          "schema_version": 0,
          "attributes": {
            "additional_capabilities": [],
            "admin_password": null,
            "admin_ssh_key": [
              {
                "public_key": "ssh-rsa AAAAB3NzaC1yc2EAAAADAQABAAACAQDJ9Wpgapi7baediDlwD2vOhTz2fu6524aA1JTHH5Ax/1t3MNrt0hIKRZk7TF/hkwEIagdAninbOgjttkDBDd4mr8wbhK09p1UMt1pW0uP98/Exb4q6YCNa1/98a3RnEkfepyXtvYyc4zCX9X9bI5hMyxQaWRgqY5C48/aYVwLzeEgYWswqvImfq+xVSzgA4tcSagaWpQjMN6c+dFe4pV4RaVa7RZp2FJjG07di7xUNAC4n0mRVATjGXtKwbG6f+LXx9K51H8eiI3U+TDfGY2HdN0wLop/fx16TFohnaQsKoYzaQGYDsiJLNUhx/ycY1sdTQU21QDmlIN5Lql+P6UlEtc78C683UoYUaO4oOHWHVzeRvAUtjlp5QOZDBXbqh2o//aPqeysXu8sd+Prvp8zSudPrXILpY7Zt0wqewhZ/6IJPb+ivbWkyLfw2LPWxq5zcHfpoQc9RFb0ucbCmyg6VDKyGJp6dycRoUEV18+Ocfu1gh+G8fcKZA7N4JxW+ttPkLu0BgBahoaZ+YtL18EELmWsFeOQJWRjOOt/ET6Ovq6b38HuXbyPL0WPs2itVHszRAKe8OKascFxM9C3wLy/9eA3wtzceg5eaQaNzXfM81YR5OcIrc4avuQWq3Jtn9e9/picZ+ZepvijT1xvkRuS3yEv4ytQuXdU9bJE9daLQ5Q== johal@Johal\r\n",
                "username": "azureuser"
              }
            ],
            "admin_username": "azureuser",
            "allow_extension_operations": true,
            "availability_set_id": "",
            "boot_diagnostics": [],
            "bypass_platform_safety_checks_on_user_schedule_enabled": false,
            "capacity_reservation_group_id": "",
            "computer_name": "terra-core-vm",
            "custom_data": "IyEvYmluL2Jhc2gKIyBDbG91ZC1pbml0IHNjcmlwdCBmb3IgVGVycmEtQ29yZSBkZXBsb3ltZW50CgojIDEuIFVwZGF0ZSBhbmQgaW5zdGFsbCBiYXNpYyBkZXBlbmRlbmNpZXMKYXB0LWdldCB1cGRhdGUKYXB0LWdldCBpbnN0YWxsIC15IHB5dGhvbjMtcGlwIHB5dGhvbjMtdmVudiBuZ2lueCBjdXJsIGdpdCBidWlsZC1lc3NlbnRpYWwKCiMgMi4gSW5zdGFsbCBOb2RlLmpzIDE4CmN1cmwgLWZzU0wgaHR0cHM6Ly9kZWIubm9kZXNvdXJjZS5jb20vc2V0dXBfMTgueCB8IHN1ZG8gLUUgYmFzaCAtCmFwdC1nZXQgaW5zdGFsbCAteSBub2RlanMKCiMgMy4gSW5zdGFsbCBQTTIgcHJvY2VzcyBtYW5hZ2VyIGdsb2JhbGx5Cm5wbSBpbnN0YWxsIC1nIHBtMgoKIyA0LiBDbG9uZSByZXBvc2l0b3J5CiMgTm90ZTogSW4gYSByZWFsIHNjZW5hcmlvLCB5b3UgbWlnaHQgY2xvbmUgZnJvbSBhIHByaXZhdGUgZ2l0IHJlcG8gaGVyZS4gCiMgRm9yIHRoaXMgc2NyaXB0IHdlIHdpbGwgYXNzdW1lIHRoZSBmaWxlcyB3aWxsIGJlIFNDUCdkIG9yIHB1bGxlZCBmcm9tIGEgcHVibGljIHNvdXJjZS4KIyBDcmVhdGluZyBkaXJlY3Rvcnkgc2tlbGV0b24gc3RydWN0dXJlOgpta2RpciAtcCAvdmFyL3d3dy9oZWF0LXByZWRpY3Rpb24vYXBwcy9mcm9udGVuZC1zaW1wbGUKbWtkaXIgLXAgL3Zhci93d3cvaGVhdC1wcmVkaWN0aW9uL2FwcHMvYmFja2VuZApjaG93biAtUiBhenVyZXVzZXI6YXp1cmV1c2VyIC92YXIvd3d3L2hlYXQtcHJlZGljdGlvbgoKIyA1LiBTZXQgdXAgTmdpbnggcmV2ZXJzZSBwcm94eQpjYXQgPiAvZXRjL25naW54L3NpdGVzLWF2YWlsYWJsZS9oZWF0LXByZWRpY3Rpb24gPDwgJ0VPRicKc2VydmVyIHsKICAgIGxpc3RlbiA4MDsKICAgIHNlcnZlcl9uYW1lIF87CgogICAgIyBSb3V0ZSAvYXBpLyB0byB0aGUgRmxhc2sgR3VuaWNvcm4gYmFja2VuZAogICAgbG9jYXRpb24gL2FwaS8gewogICAgICAgIHByb3h5X3Bhc3MgaHR0cDovLzEyNy4wLjAuMTo1MDAwLzsKICAgICAgICBwcm94eV9zZXRfaGVhZGVyIEhvc3QgJGhvc3Q7CiAgICAgICAgcHJveHlfc2V0X2hlYWRlciBYLVJlYWwtSVAgJHJlbW90ZV9hZGRyOwogICAgfQoKICAgICMgUm91dGUgZXZlcnl0aGluZyBlbHNlIHRvIHRoZSBOZXh0LmpzIGZyb250ZW5kCiAgICBsb2NhdGlvbiAvIHsKICAgICAgICBwcm94eV9wYXNzIGh0dHA6Ly8xMjcuMC4wLjE6MzAwMC87CiAgICAgICAgcHJveHlfc2V0X2hlYWRlciBIb3N0ICRob3N0OwogICAgICAgIHByb3h5X3NldF9oZWFkZXIgWC1SZWFsLUlQICRyZW1vdGVfYWRkcjsKICAgICAgICBwcm94eV9zZXRfaGVhZGVyIFVwZ3JhZGUgJGh0dHBfdXBncmFkZTsKICAgICAgICBwcm94eV9zZXRfaGVhZGVyIENvbm5lY3Rpb24gInVwZ3JhZGUiOwogICAgfQp9CkVPRgoKbG4gLXMgL2V0Yy9uZ2lueC9zaXRlcy1hdmFpbGFibGUvaGVhdC1wcmVkaWN0aW9uIC9ldGMvbmdpbngvc2l0ZXMtZW5hYmxlZC8Kcm0gL2V0Yy9uZ2lueC9zaXRlcy1lbmFibGVkL2RlZmF1bHQKc3lzdGVtY3RsIHJlc3RhcnQgbmdpbngKCiMgNi4gUE0yIEVjb3N5c3RlbSBGaWxlIFNldHVwCiMgVGhpcyBmaWxlIHRlbGxzIFBNMiBob3cgdG8gc3RhcnQgYm90aCBzZXJ2aWNlcwpjYXQgPiAvdmFyL3d3dy9oZWF0LXByZWRpY3Rpb24vZWNvc3lzdGVtLmNvbmZpZy5qcyA8PCAnRU9GJwptb2R1bGUuZXhwb3J0cyA9IHsKICBhcHBzOiBbCiAgICB7CiAgICAgIG5hbWU6ICJiYWNrZW5kIiwKICAgICAgY3dkOiAiL3Zhci93d3cvaGVhdC1wcmVkaWN0aW9uL2FwcHMvYmFja2VuZCIsCiAgICAgIHNjcmlwdDogImd1bmljb3JuIiwKICAgICAgYXJnczogIi1iIDEyNy4wLjAuMTo1MDAwIGFwcDphcHAiLAogICAgICBpbnRlcnByZXRlcjogInB5dGhvbjMiLAogICAgICBlbnY6IHsKICAgICAgICBGTEFTS19FTlY6ICJwcm9kdWN0aW9uIgogICAgICB9CiAgICB9LAogICAgewogICAgICBuYW1lOiAiZnJvbnRlbmQiLAogICAgICBjd2Q6ICIvdmFyL3d3dy9oZWF0LXByZWRpY3Rpb24vYXBwcy9mcm9udGVuZC1zaW1wbGUiLAogICAgICBzY3JpcHQ6ICJucG0iLAogICAgICBhcmdzOiAic3RhcnQiLAogICAgICBlbnY6IHsKICAgICAgICBOT0RFX0VOVjogInByb2R1Y3Rpb24iLAogICAgICAgIFBPUlQ6IDMwMDAKICAgICAgfQogICAgfQogIF0KfQpFT0YKCmNob3duIGF6dXJldXNlcjphenVyZXVzZXIgL3Zhci93d3cvaGVhdC1wcmVkaWN0aW9uL2Vjb3N5c3RlbS5jb25maWcuanMKCiMgSW5zdHJ1Y3Rpb25zIGZvciB1c2VyIHBvc3QtZGVwbG95bWVudDoKIyAxLiBTQ1AgdGhlIGNvZGViYXNlIHRvIC92YXIvd3d3L2hlYXQtcHJlZGljdGlvbi8KIyAyLiBJbnN0YWxsIHB5dGhvbiBkZXBzOiBwaXAgaW5zdGFsbCAtciBhcHBzL2JhY2tlbmQvcmVxdWlyZW1lbnRzLnR4dAojIDMuIEluc3RhbGwgbm9kZSBkZXBzOiBjZCBhcHBzL2Zyb250ZW5kLXNpbXBsZSAmJiBucG0gaW5zdGFsbAojIDQuIENyZWF0ZSAuZW52LmxvY2FsIHdpdGggTkVYVF9QVUJMSUNfV0VBVEhFUl9BUElfS0VZCiMgNS4gUnVuIG5leHQgYnVpbGQ6IG5wbSBydW4gYnVpbGQKIyA2LiBTdGFydCBQTTI6IHBtMiBzdGFydCBlY29zeXN0ZW0uY29uZmlnLmpzCiMgNy4gU2F2ZSBQTTIgc3RhdGU6IHBtMiBzYXZlICYmIHBtMiBzdGFydHVwCg==",
            "dedicated_host_group_id": "",
            "dedicated_host_id": "",
            "disable_password_authentication": true,
            "disk_controller_type": "SCSI",
            "edge_zone": "",
            "encryption_at_host_enabled": false,
            "eviction_policy": "",
            "extensions_time_budget": "PT1H30M",
            "gallery_application": [],
            "id": "/subscriptions/6f225820-8bd6-4114-b429-3f91287b4a5d/resourceGroups/terra-core-rg-v2/providers/Microsoft.Compute/virtualMachines/terra-core-vm",
            "identity": [],
            "license_type": "",
            "location": "norwayeast",
            "max_bid_price": -1,
            "name": "terra-core-vm",
            "network_interface_ids": [
              "/subscriptions/6f225820-8bd6-4114-b429-3f91287b4a5d/resourceGroups/terra-core-rg-v2/providers/Microsoft.Network/networkInterfaces/terra-core-nic"
            ],
            "os_disk": [
              {
                "caching": "ReadWrite",
                "diff_disk_settings": [],
                "disk_encryption_set_id": "",
                "disk_size_gb": 64,
                "name": "terra-core-osdisk",
                "secure_vm_disk_encryption_set_id": "",
                "security_encryption_type": "",
                "storage_account_type": "Standard_LRS",
                "write_accelerator_enabled": false
              }
            ],
            "os_image_notification": [],
            "patch_assessment_mode": "ImageDefault",
            "patch_mode": "ImageDefault",
            "plan": [],
            "platform_fault_domain": -1,
            "priority": "Regular",
            "private_ip_address": "10.0.2.4",
            "private_ip_addresses": [
              "10.0.2.4"
            ],
            "provision_vm_agent": true,
            "proximity_placement_group_id": "",
            "public_ip_address": "51.120.78.165",
            "public_ip_addresses": [
              "51.120.78.165"
            ],
            "reboot_setting": "",
            "resource_group_name": "terra-core-rg-v2",
            "secret": [],
            "secure_boot_enabled": false,
            "size": "Standard_B2ats_v2",
            "source_image_id": "",
            "source_image_reference": [
              {
                "offer": "0001-com-ubuntu-server-jammy",
                "publisher": "Canonical",
                "sku": "22_04-lts-gen2",
                "version": "latest"
              }
            ],
            "tags": {
              "Environment": "Research"
            },
            "termination_notification": null,
            "timeouts": null,
            "user_data": "",
            "virtual_machine_id": "86a79b71-2a8b-4490-ba40-6a5331315b20",
            "virtual_machine_scale_set_id": "",
            "vm_agent_platform_updates_enabled": false,
            "vtpm_enabled": false,
            "zone": ""
          },
          "sensitive_attributes": [
            [
              {
                "type": "get_attr",
                "value": "admin_password"
              }
            ],
            [
              {
                "type": "get_attr",
                "value": "custom_data"
              }
            ]
          ],
          "identity_schema_version": 0,
          "private": "eyJlMmJmYjczMC1lY2FhLTExZTYtOGY4OC0zNDM2M2JjN2M0YzAiOnsiY3JlYXRlIjoyNzAwMDAwMDAwMDAwLCJkZWxldGUiOjI3MDAwMDAwMDAwMDAsInJlYWQiOjMwMDAwMDAwMDAwMCwidXBkYXRlIjoyNzAwMDAwMDAwMDAwfX0=",
          "dependencies": [
            "azurerm_network_interface.nic",
            "azurerm_public_ip.public_ip",
            "azurerm_resource_group.rg",
            "azurerm_subnet.subnet",
            "azurerm_virtual_network.vnet"
          ]
        }
      ]
    },
    {
      "mode": "managed",
      "type": "azurerm_network_interface",
      "name": "nic",
      "provider": "provider[\"registry.terraform.io/hashicorp/azurerm\"]",
      "instances": [
        {
          "schema_version": 0,
          "attributes": {
            "accelerated_networking_enabled": false,
            "applied_dns_servers": [],
            "auxiliary_mode": "",
            "auxiliary_sku": "",
            "dns_servers": [],
            "edge_zone": "",
            "enable_accelerated_networking": false,
            "enable_ip_forwarding": false,
            "id": "/subscriptions/6f225820-8bd6-4114-b429-3f91287b4a5d/resourceGroups/terra-core-rg-v2/providers/Microsoft.Network/networkInterfaces/terra-core-nic",
            "internal_dns_name_label": "",
            "internal_domain_name_suffix": "rna35im0a3ienlxvlyycawsn2g.oslx.internal.cloudapp.net",
            "ip_configuration": [
              {
                "gateway_load_balancer_frontend_ip_configuration_id": "",
                "name": "internal",
                "primary": true,
                "private_ip_address": "10.0.2.4",
                "private_ip_address_allocation": "Dynamic",
                "private_ip_address_version": "IPv4",
                "public_ip_address_id": "/subscriptions/6f225820-8bd6-4114-b429-3f91287b4a5d/resourceGroups/terra-core-rg-v2/providers/Microsoft.Network/publicIPAddresses/terra-core-public-ip",
                "subnet_id": "/subscriptions/6f225820-8bd6-4114-b429-3f91287b4a5d/resourceGroups/terra-core-rg-v2/providers/Microsoft.Network/virtualNetworks/terra-core-vnet/subnets/internal"
              }
            ],
            "ip_forwarding_enabled": false,
            "location": "norwayeast",
            "mac_address": "",
            "name": "terra-core-nic",
            "private_ip_address": "10.0.2.4",
            "private_ip_addresses": [
              "10.0.2.4"
            ],
            "resource_group_name": "terra-core-rg-v2",
            "tags": null,
            "timeouts": null,
            "virtual_machine_id": ""
          },
          "sensitive_attributes": [],
          "identity_schema_version": 0,
          "private": "eyJlMmJmYjczMC1lY2FhLTExZTYtOGY4OC0zNDM2M2JjN2M0YzAiOnsiY3JlYXRlIjoxODAwMDAwMDAwMDAwLCJkZWxldGUiOjE4MDAwMDAwMDAwMDAsInJlYWQiOjMwMDAwMDAwMDAwMCwidXBkYXRlIjoxODAwMDAwMDAwMDAwfX0=",
          "dependencies": [
            "azurerm_public_ip.public_ip",
            "azurerm_resource_group.rg",
            "azurerm_subnet.subnet",
            "azurerm_virtual_network.vnet"
          ]
        }
      ]
    },
    {
      "mode": "managed",
      "type": "azurerm_network_security_group",
      "name": "nsg",
      "provider": "provider[\"registry.terraform.io/hashicorp/azurerm\"]",
      "instances": [
        {
          "schema_version": 0,
          "attributes": {
            "id": "/subscriptions/6f225820-8bd6-4114-b429-3f91287b4a5d/resourceGroups/terra-core-rg-v2/providers/Microsoft.Network/networkSecurityGroups/terra-core-nsg",
            "location": "norwayeast",
            "name": "terra-core-nsg",
            "resource_group_name": "terra-core-rg-v2",
            "security_rule": [
              {
                "access": "Allow",
                "description": "",
                "destination_address_prefix": "*",
                "destination_address_prefixes": [],
                "destination_application_security_group_ids": [],
                "destination_port_range": "22",
                "destination_port_ranges": [],
                "direction": "Inbound",
                "name": "SSH",
                "priority": 1001,
                "protocol": "Tcp",
                "source_address_prefix": "*",
                "source_address_prefixes": [],
                "source_application_security_group_ids": [],
                "source_port_range": "*",
                "source_port_ranges": []
              },
              {
                "access": "Allow",
                "description": "",
                "destination_address_prefix": "*",
                "destination_address_prefixes": [],
                "destination_application_security_group_ids": [],
                "destination_port_range": "443",
                "destination_port_ranges": [],
                "direction": "Inbound",
                "name": "HTTPS",
                "priority": 1003,
                "protocol": "Tcp",
                "source_address_prefix": "*",
                "source_address_prefixes": [],
                "source_application_security_group_ids": [],
                "source_port_range": "*",
                "source_port_ranges": []
              },
              {
                "access": "Allow",
                "description": "",
                "destination_address_prefix": "*",
                "destination_address_prefixes": [],
                "destination_application_security_group_ids": [],
                "destination_port_range": "80",
                "destination_port_ranges": [],
                "direction": "Inbound",
                "name": "HTTP",
                "priority": 1002,
                "protocol": "Tcp",
                "source_address_prefix": "*",
                "source_address_prefixes": [],
                "source_application_security_group_ids": [],
                "source_port_range": "*",
                "source_port_ranges": []
              }
            ],
            "tags": null,
            "timeouts": null
          },
          "sensitive_attributes": [],
          "identity_schema_version": 0,
          "private": "eyJlMmJmYjczMC1lY2FhLTExZTYtOGY4OC0zNDM2M2JjN2M0YzAiOnsiY3JlYXRlIjoxODAwMDAwMDAwMDAwLCJkZWxldGUiOjE4MDAwMDAwMDAwMDAsInJlYWQiOjMwMDAwMDAwMDAwMCwidXBkYXRlIjoxODAwMDAwMDAwMDAwfX0=",
          "dependencies": [
            "azurerm_resource_group.rg"
          ]
        }
      ]
    },
    {
      "mode": "managed",
      "type": "azurerm_public_ip",
      "name": "public_ip",
      "provider": "provider[\"registry.terraform.io/hashicorp/azurerm\"]",
      "instances": [
        {
          "schema_version": 0,
          "attributes": {
            "allocation_method": "Static",
            "ddos_protection_mode": "VirtualNetworkInherited",
            "ddos_protection_plan_id": null,
            "domain_name_label": null,
            "edge_zone": "",
            "fqdn": null,
            "id": "/subscriptions/6f225820-8bd6-4114-b429-3f91287b4a5d/resourceGroups/terra-core-rg-v2/providers/Microsoft.Network/publicIPAddresses/terra-core-public-ip",
            "idle_timeout_in_minutes": 4,
            "ip_address": "51.120.78.165",
            "ip_tags": null,
            "ip_version": "IPv4",
            "location": "norwayeast",
            "name": "terra-core-public-ip",
            "public_ip_prefix_id": null,
            "resource_group_name": "terra-core-rg-v2",
            "reverse_fqdn": null,
            "sku": "Standard",
            "sku_tier": "Regional",
            "tags": null,
            "timeouts": null,
            "zones": null
          },
          "sensitive_attributes": [],
          "identity_schema_version": 0,
          "private": "eyJlMmJmYjczMC1lY2FhLTExZTYtOGY4OC0zNDM2M2JjN2M0YzAiOnsiY3JlYXRlIjoxODAwMDAwMDAwMDAwLCJkZWxldGUiOjE4MDAwMDAwMDAwMDAsInJlYWQiOjMwMDAwMDAwMDAwMCwidXBkYXRlIjoxODAwMDAwMDAwMDAwfX0=",
          "dependencies": [
            "azurerm_resource_group.rg"
          ]
        }
      ]
    },
    {
      "mode": "managed",
      "type": "azurerm_resource_group",
      "name": "rg",
      "provider": "provider[\"registry.terraform.io/hashicorp/azurerm\"]",
      "instances": [
        {
          "schema_version": 0,
          "attributes": {
            "id": "/subscriptions/6f225820-8bd6-4114-b429-3f91287b4a5d/resourceGroups/terra-core-rg-v2",
            "location": "norwayeast",
            "managed_by": "",
            "name": "terra-core-rg-v2",
            "tags": {
              "Environment": "Research",
              "Project": "Terra-Core"
            },
            "timeouts": null
          },
          "sensitive_attributes": [],
          "identity_schema_version": 0,
          "private": "eyJlMmJmYjczMC1lY2FhLTExZTYtOGY4OC0zNDM2M2JjN2M0YzAiOnsiY3JlYXRlIjo1NDAwMDAwMDAwMDAwLCJkZWxldGUiOjU0MDAwMDAwMDAwMDAsInJlYWQiOjMwMDAwMDAwMDAwMCwidXBkYXRlIjo1NDAwMDAwMDAwMDAwfX0="
        }
      ]
    },
    {
      "mode": "managed",
      "type": "azurerm_subnet",
      "name": "subnet",
      "provider": "provider[\"registry.terraform.io/hashicorp/azurerm\"]",
      "instances": [
        {
          "schema_version": 0,
          "attributes": {
            "address_prefixes": [
              "10.0.2.0/24"
            ],
            "default_outbound_access_enabled": true,
            "delegation": [],
            "enforce_private_link_endpoint_network_policies": false,
            "enforce_private_link_service_network_policies": false,
            "id": "/subscriptions/6f225820-8bd6-4114-b429-3f91287b4a5d/resourceGroups/terra-core-rg-v2/providers/Microsoft.Network/virtualNetworks/terra-core-vnet/subnets/internal",
            "name": "internal",
            "private_endpoint_network_policies": "Enabled",
            "private_endpoint_network_policies_enabled": true,
            "private_link_service_network_policies_enabled": true,
            "resource_group_name": "terra-core-rg-v2",
            "service_endpoint_policy_ids": null,
            "service_endpoints": null,
            "timeouts": null,
            "virtual_network_name": "terra-core-vnet"
          },
          "sensitive_attributes": [],
          "identity_schema_version": 0,
          "private": "eyJlMmJmYjczMC1lY2FhLTExZTYtOGY4OC0zNDM2M2JjN2M0YzAiOnsiY3JlYXRlIjoxODAwMDAwMDAwMDAwLCJkZWxldGUiOjE4MDAwMDAwMDAwMDAsInJlYWQiOjMwMDAwMDAwMDAwMCwidXBkYXRlIjoxODAwMDAwMDAwMDAwfX0=",
          "dependencies": [
            "azurerm_resource_group.rg",
            "azurerm_virtual_network.vnet"
          ]
        }
      ]
    },
    {
      "mode": "managed",
      "type": "azurerm_subnet_network_security_group_association",
      "name": "subnet_nsg_assoc",
      "provider": "provider[\"registry.terraform.io/hashicorp/azurerm\"]",
      "instances": [
        {
          "schema_version": 0,
          "attributes": {
            "id": "/subscriptions/6f225820-8bd6-4114-b429-3f91287b4a5d/resourceGroups/terra-core-rg-v2/providers/Microsoft.Network/virtualNetworks/terra-core-vnet/subnets/internal",
            "network_security_group_id": "/subscriptions/6f225820-8bd6-4114-b429-3f91287b4a5d/resourceGroups/terra-core-rg-v2/providers/Microsoft.Network/networkSecurityGroups/terra-core-nsg",
            "subnet_id": "/subscriptions/6f225820-8bd6-4114-b429-3f91287b4a5d/resourceGroups/terra-core-rg-v2/providers/Microsoft.Network/virtualNetworks/terra-core-vnet/subnets/internal",
            "timeouts": null
          },
          "sensitive_attributes": [],
          "identity_schema_version": 0,
          "private": "eyJlMmJmYjczMC1lY2FhLTExZTYtOGY4OC0zNDM2M2JjN2M0YzAiOnsiY3JlYXRlIjoxODAwMDAwMDAwMDAwLCJkZWxldGUiOjE4MDAwMDAwMDAwMDAsInJlYWQiOjMwMDAwMDAwMDAwMH19",
          "dependencies": [
            "azurerm_network_security_group.nsg",
            "azurerm_resource_group.rg",
            "azurerm_subnet.subnet",
            "azurerm_virtual_network.vnet"
          ]
        }
      ]
    },
    {
      "mode": "managed",
      "type": "azurerm_virtual_network",
      "name": "vnet",
      "provider": "provider[\"registry.terraform.io/hashicorp/azurerm\"]",
      "instances": [
        {
          "schema_version": 0,
          "attributes": {
            "address_space": [
              "10.0.0.0/16"
            ],
            "bgp_community": "",
            "ddos_protection_plan": [],
            "dns_servers": [],
            "edge_zone": "",
            "encryption": [],
            "flow_timeout_in_minutes": 0,
            "guid": "a1df418b-079a-4650-aef5-5e30205a4de6",
            "id": "/subscriptions/6f225820-8bd6-4114-b429-3f91287b4a5d/resourceGroups/terra-core-rg-v2/providers/Microsoft.Network/virtualNetworks/terra-core-vnet",
            "location": "norwayeast",
            "name": "terra-core-vnet",
            "resource_group_name": "terra-core-rg-v2",
            "subnet": [],
            "tags": null,
            "timeouts": null
          },
          "sensitive_attributes": [],
          "identity_schema_version": 0,
          "private": "eyJlMmJmYjczMC1lY2FhLTExZTYtOGY4OC0zNDM2M2JjN2M0YzAiOnsiY3JlYXRlIjoxODAwMDAwMDAwMDAwLCJkZWxldGUiOjE4MDAwMDAwMDAwMDAsInJlYWQiOjMwMDAwMDAwMDAwMCwidXBkYXRlIjoxODAwMDAwMDAwMDAwfX0=",
          "dependencies": [
            "azurerm_resource_group.rg"
          ]
        }
      ]
    }
  ],
  "check_results": null
}
