{
  "version": 4,
  "terraform_version": "1.14.5",
  "serial": 28,
  "lineage": "40b07241-2c48-9196-1bb6-7ddfb80d0844",
  "outputs": {
    "server_public_ip": {
      "value": "51.120.71.54",
      "type": "string"
    },
    "ssh_command": {
      "value": "ssh azureuser@51.120.71.54",
      "type": "string"
    }
  },
  "resources": [
    {
      "mode": "managed",
      "type": "azurerm_linux_virtual_machine",
      "name": "vm",
      "provider": "provider[\"registry.terraform.io/hashicorp/azurerm\"]",
      "instances": [
        {
          "schema_version": 0,
          "attributes": {
            "additional_capabilities": [],
            "admin_password": null,
            "admin_ssh_key": [
              {
                "public_key": "ssh-rsa AAAAB3NzaC1yc2EAAAADAQABAAACAQDJ9Wpgapi7baediDlwD2vOhTz2fu6524aA1JTHH5Ax/1t3MNrt0hIKRZk7TF/hkwEIagdAninbOgjttkDBDd4mr8wbhK09p1UMt1pW0uP98/Exb4q6YCNa1/98a3RnEkfepyXtvYyc4zCX9X9bI5hMyxQaWRgqY5C48/aYVwLzeEgYWswqvImfq+xVSzgA4tcSagaWpQjMN6c+dFe4pV4RaVa7RZp2FJjG07di7xUNAC4n0mRVATjGXtKwbG6f+LXx9K51H8eiI3U+TDfGY2HdN0wLop/fx16TFohnaQsKoYzaQGYDsiJLNUhx/ycY1sdTQU21QDmlIN5Lql+P6UlEtc78C683UoYUaO4oOHWHVzeRvAUtjlp5QOZDBXbqh2o//aPqeysXu8sd+Prvp8zSudPrXILpY7Zt0wqewhZ/6IJPb+ivbWkyLfw2LPWxq5zcHfpoQc9RFb0ucbCmyg6VDKyGJp6dycRoUEV18+Ocfu1gh+G8fcKZA7N4JxW+ttPkLu0BgBahoaZ+YtL18EELmWsFeOQJWRjOOt/ET6Ovq6b38HuXbyPL0WPs2itVHszRAKe8OKascFxM9C3wLy/9eA3wtzceg5eaQaNzXfM81YR5OcIrc4avuQWq3Jtn9e9/picZ+ZepvijT1xvkRuS3yEv4ytQuXdU9bJE9daLQ5Q== johal@Johal\r\n",
                "username": "azureuser"
              }
            ],
            "admin_username": "azureuser",
            "allow_extension_operations": true,
            "availability_set_id": "",
            "boot_diagnostics": [],
            "bypass_platform_safety_checks_on_user_schedule_enabled": false,
            "capacity_reservation_group_id": "",
            "computer_name": "terra-core-vm",
            "custom_data": "IyEvYmluL2Jhc2gKIyBDbG91ZC1pbml0IHNjcmlwdCBmb3IgVGVycmEtQ29yZSBkZXBsb3ltZW50IChDb250YWluZXJpemVkKQoKIyAxLiBVcGRhdGUgYW5kIGluc3RhbGwgYmFzaWMgZGVwZW5kZW5jaWVzCmFwdC1nZXQgdXBkYXRlCmFwdC1nZXQgaW5zdGFsbCAteSBhcHQtdHJhbnNwb3J0LWh0dHBzIGNhLWNlcnRpZmljYXRlcyBjdXJsIHNvZnR3YXJlLXByb3BlcnRpZXMtY29tbW9uIG5naW54IGdpdCBidWlsZC1lc3NlbnRpYWwKCiMgMi4gSW5zdGFsbCBEb2NrZXIKY3VybCAtZnNTTCBodHRwczovL2Rvd25sb2FkLmRvY2tlci5jb20vbGludXgvdWJ1bnR1L2dwZyB8IHN1ZG8gZ3BnIC0tZGVhcm1vciAtbyAvdXNyL3NoYXJlL2tleXJpbmdzL2RvY2tlci1hcmNoaXZlLWtleXJpbmcuZ3BnCmVjaG8gImRlYiBbYXJjaD0kKGRwa2cgLS1wcmludC1hcmNoaXRlY3R1cmUpIHNpZ25lZC1ieT0vdXNyL3NoYXJlL2tleXJpbmdzL2RvY2tlci1hcmNoaXZlLWtleXJpbmcuZ3BnXSBodHRwczovL2Rvd25sb2FkLmRvY2tlci5jb20vbGludXgvdWJ1bnR1ICQobHNiX3JlbGVhc2UgLWNzKSBzdGFibGUiIHwgc3VkbyB0ZWUgL2V0Yy9hcHQvc291cmNlcy5saXN0LmQvZG9ja2VyLmxpc3QgPiAvZGV2L251bGwKYXB0LWdldCB1cGRhdGUKYXB0LWdldCBpbnN0YWxsIC15IGRvY2tlci1jZSBkb2NrZXItY2UtY2xpIGNvbnRhaW5lcmQuaW8gZG9ja2VyLWNvbXBvc2UtcGx1Z2luCgojIDMuIEFsc28gaW5zdGFsbCBkb2NrZXItY29tcG9zZSAodjEpIGZvciBiYWNrd2FyZCBjb21wYXRpYmlsaXR5IHdpdGggR2l0SHViIEFjdGlvbnMgc2NyaXB0cwphcHQtZ2V0IGluc3RhbGwgLXkgZG9ja2VyLWNvbXBvc2UKCiMgNC4gQ3JlYXRlIGRpcmVjdG9yeSBzdHJ1Y3R1cmUgJiBQZXJtaXNzaW9ucwpta2RpciAtcCAvdmFyL3d3dy9oZWF0LXByZWRpY3Rpb24KIyBDcmVhdGUgdGhlIGF6dXJldXNlciBlYXJseSBzbyB3ZSBjYW4gYXR0YWNoIGl0IHRvIGRvY2tlciBncm91cAp1c2VyYWRkIC1tIC1zIC9iaW4vYmFzaCBhenVyZXVzZXIgfHwgdHJ1ZSAKdXNlcm1vZCAtYUcgZG9ja2VyIGF6dXJldXNlcgpjaG93biAtUiBhenVyZXVzZXI6YXp1cmV1c2VyIC92YXIvd3d3L2hlYXQtcHJlZGljdGlvbgoKIyA1LiBTZXQgdXAgTmdpbnggcmV2ZXJzZSBwcm94eSAoV2l0aG91dCB0cmFpbGluZyBzbGFzaGVzIHRvIHByZXNlcnZlIHBhdGhzISkKY2F0ID4gL2V0Yy9uZ2lueC9zaXRlcy1hdmFpbGFibGUvaGVhdC1wcmVkaWN0aW9uIDw8ICdFT0YnCnNlcnZlciB7CiAgICBsaXN0ZW4gODA7CiAgICBzZXJ2ZXJfbmFtZSBfOwoKICAgICMgUm91dGUgL2FwaS8gdG8gdGhlIEZsYXNrIEd1bmljb3JuIGJhY2tlbmQKICAgIGxvY2F0aW9uIC9hcGkvIHsKICAgICAgICBwcm94eV9wYXNzIGh0dHA6Ly8xMjcuMC4wLjE6NTAwMDsKICAgICAgICBwcm94eV9zZXRfaGVhZGVyIEhvc3QgJGhvc3Q7CiAgICAgICAgcHJveHlfc2V0X2hlYWRlciBYLVJlYWwtSVAgJHJlbW90ZV9hZGRyOwogICAgfQoKICAgICMgUm91dGUgZXZlcnl0aGluZyBlbHNlIHRvIHRoZSBOZXh0LmpzIGZyb250ZW5kCiAgICBsb2NhdGlvbiAvIHsKICAgICAgICBwcm94eV9wYXNzIGh0dHA6Ly8xMjcuMC4wLjE6MzAwMDsKICAgICAgICBwcm94eV9zZXRfaGVhZGVyIEhvc3QgJGhvc3Q7CiAgICAgICAgcHJveHlfc2V0X2hlYWRlciBYLVJlYWwtSVAgJHJlbW90ZV9hZGRyOwogICAgICAgIHByb3h5X3NldF9oZWFkZXIgVXBncmFkZSAkaHR0cF91cGdyYWRlOwogICAgICAgIHByb3h5X3NldF9oZWFkZXIgQ29ubmVjdGlvbiAidXBncmFkZSI7CiAgICB9Cn0KRU9GCgojIEVuYWJsZSB0aGUgc2l0ZSBhbmQgcmVzdGFydCBOZ2lueApsbiAtcyAvZXRjL25naW54L3NpdGVzLWF2YWlsYWJsZS9oZWF0LXByZWRpY3Rpb24gL2V0Yy9uZ2lueC9zaXRlcy1lbmFibGVkLwpybSAtZiAvZXRjL25naW54L3NpdGVzLWVuYWJsZWQvZGVmYXVsdApzeXN0ZW1jdGwgcmVzdGFydCBuZ2lueAoKIyBJbnN0cnVjdGlvbnMgZm9yIHVzZXIgcG9zdC1kZXBsb3ltZW50IChOb3cgdmlhIEdpdEh1YiBBY3Rpb25zKToKIyAxLiBQdXNoIGNvZGUgdG8gbWFpbiBicmFuY2ggdG8gdHJpZ2dlciBHaXRIdWIgQWN0aW9ucwojIDIuIEdpdEh1YiBBY3Rpb25zIHdpbGwgYnVpbGQgZG9ja2VyIGltYWdlcyBhbmQgcHVzaCB0byBHSENSCiMgMy4gYWN0aW9ucyBydW5uZXIgd2lsbCBTU0ggaW50byBWTSwgY29weSBkb2NrZXItY29tcG9zZS55bWwsIHB1bGwgaW1hZ2VzLCBhbmQgcnVuIGBkb2NrZXItY29tcG9zZSB1cCAtZGAKIyA0LiBTZXQgdXAgTGV0J3MgRW5jcnlwdCBTU0wgbWFudWFsbHkgb25jZSBETlMgaXMgdXBkYXRlZDoKIyAgICBzdWRvIGFwdCBpbnN0YWxsIGNlcnRib3QgcHl0aG9uMy1jZXJ0Ym90LW5naW54IC15CiMgICAgc3VkbyBjZXJ0Ym90IC0tbmdpbnggLWQgaGVhdHBsYW50Lmhhcm1vaGFuam9oYWwuY29tCg==",
            "dedicated_host_group_id": "",
            "dedicated_host_id": "",
            "disable_password_authentication": true,
            "disk_controller_type": "SCSI",
            "edge_zone": "",
            "encryption_at_host_enabled": false,
            "eviction_policy": "",
            "extensions_time_budget": "PT1H30M",
            "gallery_application": [],
            "id": "/subscriptions/6f225820-8bd6-4114-b429-3f91287b4a5d/resourceGroups/terra-core-rg-v2/providers/Microsoft.Compute/virtualMachines/terra-core-vm",
            "identity": [],
            "license_type": "",
            "location": "norwayeast",
            "max_bid_price": -1,
            "name": "terra-core-vm",
            "network_interface_ids": [
              "/subscriptions/6f225820-8bd6-4114-b429-3f91287b4a5d/resourceGroups/terra-core-rg-v2/providers/Microsoft.Network/networkInterfaces/terra-core-nic"
            ],
            "os_disk": [
              {
                "caching": "ReadWrite",
                "diff_disk_settings": [],
                "disk_encryption_set_id": "",
                "disk_size_gb": 64,
                "name": "terra-core-osdisk",
                "secure_vm_disk_encryption_set_id": "",
                "security_encryption_type": "",
                "storage_account_type": "Standard_LRS",
                "write_accelerator_enabled": false
              }
            ],
            "os_image_notification": [],
            "patch_assessment_mode": "ImageDefault",
            "patch_mode": "ImageDefault",
            "plan": [],
            "platform_fault_domain": -1,
            "priority": "Regular",
            "private_ip_address": "10.0.2.4",
            "private_ip_addresses": [
              "10.0.2.4"
            ],
            "provision_vm_agent": true,
            "proximity_placement_group_id": "",
            "public_ip_address": "51.120.71.54",
            "public_ip_addresses": [
              "51.120.71.54"
            ],
            "reboot_setting": "",
            "resource_group_name": "terra-core-rg-v2",
            "secret": [],
            "secure_boot_enabled": false,
            "size": "Standard_B2ats_v2",
            "source_image_id": "",
            "source_image_reference": [
              {
                "offer": "0001-com-ubuntu-server-jammy",
                "publisher": "Canonical",
                "sku": "22_04-lts-gen2",
                "version": "latest"
              }
            ],
            "tags": {
              "Environment": "Research"
            },
            "termination_notification": null,
            "timeouts": null,
            "user_data": "",
            "virtual_machine_id": "ca931c2b-39d4-49fc-a592-c86bf6f0beb7",
            "virtual_machine_scale_set_id": "",
            "vm_agent_platform_updates_enabled": false,
            "vtpm_enabled": false,
            "zone": ""
          },
          "sensitive_attributes": [
            [
              {
                "type": "get_attr",
                "value": "admin_password"
              }
            ],
            [
              {
                "type": "get_attr",
                "value": "custom_data"
              }
            ]
          ],
          "identity_schema_version": 0,
          "private": "eyJlMmJmYjczMC1lY2FhLTExZTYtOGY4OC0zNDM2M2JjN2M0YzAiOnsiY3JlYXRlIjoyNzAwMDAwMDAwMDAwLCJkZWxldGUiOjI3MDAwMDAwMDAwMDAsInJlYWQiOjMwMDAwMDAwMDAwMCwidXBkYXRlIjoyNzAwMDAwMDAwMDAwfX0=",
          "dependencies": [
            "azurerm_network_interface.nic",
            "azurerm_public_ip.public_ip",
            "azurerm_resource_group.rg",
            "azurerm_subnet.subnet",
            "azurerm_virtual_network.vnet"
          ]
        }
      ]
    },
    {
      "mode": "managed",
      "type": "azurerm_network_interface",
      "name": "nic",
      "provider": "provider[\"registry.terraform.io/hashicorp/azurerm\"]",
      "instances": [
        {
          "schema_version": 0,
          "attributes": {
            "accelerated_networking_enabled": false,
            "applied_dns_servers": [],
            "auxiliary_mode": "",
            "auxiliary_sku": "",
            "dns_servers": [],
            "edge_zone": "",
            "enable_accelerated_networking": false,
            "enable_ip_forwarding": false,
            "id": "/subscriptions/6f225820-8bd6-4114-b429-3f91287b4a5d/resourceGroups/terra-core-rg-v2/providers/Microsoft.Network/networkInterfaces/terra-core-nic",
            "internal_dns_name_label": "",
            "internal_domain_name_suffix": "yqvoj5lkfnie1nwixgkvxxcfdd.oslx.internal.cloudapp.net",
            "ip_configuration": [
              {
                "gateway_load_balancer_frontend_ip_configuration_id": "",
                "name": "internal",
                "primary": true,
                "private_ip_address": "10.0.2.4",
                "private_ip_address_allocation": "Dynamic",
                "private_ip_address_version": "IPv4",
                "public_ip_address_id": "/subscriptions/6f225820-8bd6-4114-b429-3f91287b4a5d/resourceGroups/terra-core-rg-v2/providers/Microsoft.Network/publicIPAddresses/terra-core-public-ip",
                "subnet_id": "/subscriptions/6f225820-8bd6-4114-b429-3f91287b4a5d/resourceGroups/terra-core-rg-v2/providers/Microsoft.Network/virtualNetworks/terra-core-vnet/subnets/internal"
              }
            ],
            "ip_forwarding_enabled": false,
            "location": "norwayeast",
            "mac_address": "",
            "name": "terra-core-nic",
            "private_ip_address": "10.0.2.4",
            "private_ip_addresses": [
              "10.0.2.4"
            ],
            "resource_group_name": "terra-core-rg-v2",
            "tags": null,
            "timeouts": null,
            "virtual_machine_id": ""
          },
          "sensitive_attributes": [],
          "identity_schema_version": 0,
          "private": "eyJlMmJmYjczMC1lY2FhLTExZTYtOGY4OC0zNDM2M2JjN2M0YzAiOnsiY3JlYXRlIjoxODAwMDAwMDAwMDAwLCJkZWxldGUiOjE4MDAwMDAwMDAwMDAsInJlYWQiOjMwMDAwMDAwMDAwMCwidXBkYXRlIjoxODAwMDAwMDAwMDAwfX0=",
          "dependencies": [
            "azurerm_public_ip.public_ip",
            "azurerm_resource_group.rg",
            "azurerm_subnet.subnet",
            "azurerm_virtual_network.vnet"
          ]
        }
      ]
    },
    {
      "mode": "managed",
      "type": "azurerm_network_security_group",
      "name": "nsg",
      "provider": "provider[\"registry.terraform.io/hashicorp/azurerm\"]",
      "instances": [
        {
          "schema_version": 0,
          "attributes": {
            "id": "/subscriptions/6f225820-8bd6-4114-b429-3f91287b4a5d/resourceGroups/terra-core-rg-v2/providers/Microsoft.Network/networkSecurityGroups/terra-core-nsg",
            "location": "norwayeast",
            "name": "terra-core-nsg",
            "resource_group_name": "terra-core-rg-v2",
            "security_rule": [
              {
                "access": "Allow",
                "description": "",
                "destination_address_prefix": "*",
                "destination_address_prefixes": [],
                "destination_application_security_group_ids": [],
                "destination_port_range": "22",
                "destination_port_ranges": [],
                "direction": "Inbound",
                "name": "SSH",
                "priority": 1001,
                "protocol": "Tcp",
                "source_address_prefix": "*",
                "source_address_prefixes": [],
                "source_application_security_group_ids": [],
                "source_port_range": "*",
                "source_port_ranges": []
              },
              {
                "access": "Allow",
                "description": "",
                "destination_address_prefix": "*",
                "destination_address_prefixes": [],
                "destination_application_security_group_ids": [],
                "destination_port_range": "443",
                "destination_port_ranges": [],
                "direction": "Inbound",
                "name": "HTTPS",
                "priority": 1003,
                "protocol": "Tcp",
                "source_address_prefix": "*",
                "source_address_prefixes": [],
                "source_application_security_group_ids": [],
                "source_port_range": "*",
                "source_port_ranges": []
              },
              {
                "access": "Allow",
                "description": "",
                "destination_address_prefix": "*",
                "destination_address_prefixes": [],
                "destination_application_security_group_ids": [],
                "destination_port_range": "80",
                "destination_port_ranges": [],
                "direction": "Inbound",
                "name": "HTTP",
                "priority": 1002,
                "protocol": "Tcp",
                "source_address_prefix": "*",
                "source_address_prefixes": [],
                "source_application_security_group_ids": [],
                "source_port_range": "*",
                "source_port_ranges": []
              }
            ],
            "tags": null,
            "timeouts": null
          },
          "sensitive_attributes": [],
          "identity_schema_version": 0,
          "private": "eyJlMmJmYjczMC1lY2FhLTExZTYtOGY4OC0zNDM2M2JjN2M0YzAiOnsiY3JlYXRlIjoxODAwMDAwMDAwMDAwLCJkZWxldGUiOjE4MDAwMDAwMDAwMDAsInJlYWQiOjMwMDAwMDAwMDAwMCwidXBkYXRlIjoxODAwMDAwMDAwMDAwfX0=",
          "dependencies": [
            "azurerm_resource_group.rg"
          ]
        }
      ]
    },
    {
      "mode": "managed",
      "type": "azurerm_public_ip",
      "name": "public_ip",
      "provider": "provider[\"registry.terraform.io/hashicorp/azurerm\"]",
      "instances": [
        {
          "schema_version": 0,
          "attributes": {
            "allocation_method": "Static",
            "ddos_protection_mode": "VirtualNetworkInherited",
            "ddos_protection_plan_id": null,
            "domain_name_label": null,
            "edge_zone": "",
            "fqdn": null,
            "id": "/subscriptions/6f225820-8bd6-4114-b429-3f91287b4a5d/resourceGroups/terra-core-rg-v2/providers/Microsoft.Network/publicIPAddresses/terra-core-public-ip",
            "idle_timeout_in_minutes": 4,
            "ip_address": "51.120.71.54",
            "ip_tags": null,
            "ip_version": "IPv4",
            "location": "norwayeast",
            "name": "terra-core-public-ip",
            "public_ip_prefix_id": null,
            "resource_group_name": "terra-core-rg-v2",
            "reverse_fqdn": null,
            "sku": "Standard",
            "sku_tier": "Regional",
            "tags": null,
            "timeouts": null,
            "zones": null
          },
          "sensitive_attributes": [],
          "identity_schema_version": 0,
          "private": "eyJlMmJmYjczMC1lY2FhLTExZTYtOGY4OC0zNDM2M2JjN2M0YzAiOnsiY3JlYXRlIjoxODAwMDAwMDAwMDAwLCJkZWxldGUiOjE4MDAwMDAwMDAwMDAsInJlYWQiOjMwMDAwMDAwMDAwMCwidXBkYXRlIjoxODAwMDAwMDAwMDAwfX0=",
          "dependencies": [
            "azurerm_resource_group.rg"
          ]
        }
      ]
    },
    {
      "mode": "managed",
      "type": "azurerm_resource_group",
      "name": "rg",
      "provider": "provider[\"registry.terraform.io/hashicorp/azurerm\"]",
      "instances": [
        {
          "schema_version": 0,
          "attributes": {
            "id": "/subscriptions/6f225820-8bd6-4114-b429-3f91287b4a5d/resourceGroups/terra-core-rg-v2",
            "location": "norwayeast",
            "managed_by": "",
            "name": "terra-core-rg-v2",
            "tags": {
              "Environment": "Research",
              "Project": "Terra-Core"
            },
            "timeouts": null
          },
          "sensitive_attributes": [],
          "identity_schema_version": 0,
          "private": "eyJlMmJmYjczMC1lY2FhLTExZTYtOGY4OC0zNDM2M2JjN2M0YzAiOnsiY3JlYXRlIjo1NDAwMDAwMDAwMDAwLCJkZWxldGUiOjU0MDAwMDAwMDAwMDAsInJlYWQiOjMwMDAwMDAwMDAwMCwidXBkYXRlIjo1NDAwMDAwMDAwMDAwfX0="
        }
      ]
    },
    {
      "mode": "managed",
      "type": "azurerm_subnet",
      "name": "subnet",
      "provider": "provider[\"registry.terraform.io/hashicorp/azurerm\"]",
      "instances": [
        {
          "schema_version": 0,
          "attributes": {
            "address_prefixes": [
              "10.0.2.0/24"
            ],
            "default_outbound_access_enabled": true,
            "delegation": [],
            "enforce_private_link_endpoint_network_policies": false,
            "enforce_private_link_service_network_policies": false,
            "id": "/subscriptions/6f225820-8bd6-4114-b429-3f91287b4a5d/resourceGroups/terra-core-rg-v2/providers/Microsoft.Network/virtualNetworks/terra-core-vnet/subnets/internal",
            "name": "internal",
            "private_endpoint_network_policies": "Enabled",
            "private_endpoint_network_policies_enabled": true,
            "private_link_service_network_policies_enabled": true,
            "resource_group_name": "terra-core-rg-v2",
            "service_endpoint_policy_ids": null,
            "service_endpoints": null,
            "timeouts": null,
            "virtual_network_name": "terra-core-vnet"
          },
          "sensitive_attributes": [],
          "identity_schema_version": 0,
          "private": "eyJlMmJmYjczMC1lY2FhLTExZTYtOGY4OC0zNDM2M2JjN2M0YzAiOnsiY3JlYXRlIjoxODAwMDAwMDAwMDAwLCJkZWxldGUiOjE4MDAwMDAwMDAwMDAsInJlYWQiOjMwMDAwMDAwMDAwMCwidXBkYXRlIjoxODAwMDAwMDAwMDAwfX0=",
          "dependencies": [
            "azurerm_resource_group.rg",
            "azurerm_virtual_network.vnet"
          ]
        }
      ]
    },
    {
      "mode": "managed",
      "type": "azurerm_subnet_network_security_group_association",
      "name": "subnet_nsg_assoc",
      "provider": "provider[\"registry.terraform.io/hashicorp/azurerm\"]",
      "instances": [
        {
          "schema_version": 0,
          "attributes": {
            "id": "/subscriptions/6f225820-8bd6-4114-b429-3f91287b4a5d/resourceGroups/terra-core-rg-v2/providers/Microsoft.Network/virtualNetworks/terra-core-vnet/subnets/internal",
            "network_security_group_id": "/subscriptions/6f225820-8bd6-4114-b429-3f91287b4a5d/resourceGroups/terra-core-rg-v2/providers/Microsoft.Network/networkSecurityGroups/terra-core-nsg",
            "subnet_id": "/subscriptions/6f225820-8bd6-4114-b429-3f91287b4a5d/resourceGroups/terra-core-rg-v2/providers/Microsoft.Network/virtualNetworks/terra-core-vnet/subnets/internal",
            "timeouts": null
          },
          "sensitive_attributes": [],
          "identity_schema_version": 0,
          "private": "eyJlMmJmYjczMC1lY2FhLTExZTYtOGY4OC0zNDM2M2JjN2M0YzAiOnsiY3JlYXRlIjoxODAwMDAwMDAwMDAwLCJkZWxldGUiOjE4MDAwMDAwMDAwMDAsInJlYWQiOjMwMDAwMDAwMDAwMH19",
          "dependencies": [
            "azurerm_network_security_group.nsg",
            "azurerm_resource_group.rg",
            "azurerm_subnet.subnet",
            "azurerm_virtual_network.vnet"
          ]
        }
      ]
    },
    {
      "mode": "managed",
      "type": "azurerm_virtual_network",
      "name": "vnet",
      "provider": "provider[\"registry.terraform.io/hashicorp/azurerm\"]",
      "instances": [
        {
          "schema_version": 0,
          "attributes": {
            "address_space": [
              "10.0.0.0/16"
            ],
            "bgp_community": "",
            "ddos_protection_plan": [],
            "dns_servers": [],
            "edge_zone": "",
            "encryption": [],
            "flow_timeout_in_minutes": 0,
            "guid": "fde42ac4-2b6a-4d50-b6c8-b9955bdc451b",
            "id": "/subscriptions/6f225820-8bd6-4114-b429-3f91287b4a5d/resourceGroups/terra-core-rg-v2/providers/Microsoft.Network/virtualNetworks/terra-core-vnet",
            "location": "norwayeast",
            "name": "terra-core-vnet",
            "resource_group_name": "terra-core-rg-v2",
            "subnet": [],
            "tags": null,
            "timeouts": null
          },
          "sensitive_attributes": [],
          "identity_schema_version": 0,
          "private": "eyJlMmJmYjczMC1lY2FhLTExZTYtOGY4OC0zNDM2M2JjN2M0YzAiOnsiY3JlYXRlIjoxODAwMDAwMDAwMDAwLCJkZWxldGUiOjE4MDAwMDAwMDAwMDAsInJlYWQiOjMwMDAwMDAwMDAwMCwidXBkYXRlIjoxODAwMDAwMDAwMDAwfX0=",
          "dependencies": [
            "azurerm_resource_group.rg"
          ]
        }
      ]
    }
  ],
  "check_results": null
}
